
Microsoft Visual Studio Solution File, Format Version 12.00
# Visual Studio Version 17
VisualStudioVersion = 17.14.36616.10 d17.14
MinimumVisualStudioVersion = 10.0.40219.1
Project("{FAE04EC0-301F-11D3-BF4B-00C04F79EFBC}") = "Visual_Studio_Vaje_01_23", "Visual_Studio_Vaje_01_23.csproj", "{F5FEDD60-CC4B-431D-B2DD-954295DCB1BB}"
EndProject
Global
	GlobalSection(SolutionConfigurationPlatforms) = preSolution
		Debug|Any CPU = Debug|Any CPU
		Release|Any CPU = Release|Any CPU
	EndGlobalSection
	GlobalSection(ProjectConfigurationPlatforms) = postSolution
		{F5FEDD60-CC4B-431D-B2DD-954295DCB1BB}.Debug|Any CPU.ActiveCfg = Debug|Any CPU
		{F5FEDD60-CC4B-431D-B2DD-954295DCB1BB}.Debug|Any CPU.Build.0 = Debug|Any CPU
		{F5FEDD60-CC4B-431D-B2DD-954295DCB1BB}.Release|Any CPU.ActiveCfg = Release|Any CPU
		{F5FEDD60-CC4B-431D-B2DD-954295DCB1BB}.Release|Any CPU.Build.0 = Release|Any CPU
	EndGlobalSection
	GlobalSection(SolutionProperties) = preSolution
		HideSolutionNode = FALSE
	EndGlobalSection
	GlobalSection(ExtensibilityGlobals) = postSolution
		SolutionGuid = {0DE97F92-FAC7-49D4-AEED-E0F052BAF88B}
	EndGlobalSection
EndGlobal
