
Microsoft Visual Studio Solution File, Format Version 12.00
# Visual Studio Version 17
VisualStudioVersion = 17.14.36616.10 d17.14
MinimumVisualStudioVersion = 10.0.40219.1
Project("{FAE04EC0-301F-11D3-BF4B-00C04F79EFBC}") = "Visual_Studio_Vaje_03_05", "Visual_Studio_Vaje_03_05.csproj", "{918743D8-1CA6-4BC9-8687-F463BE3AAA1F}"
EndProject
Global
	GlobalSection(SolutionConfigurationPlatforms) = preSolution
		Debug|Any CPU = Debug|Any CPU
		Release|Any CPU = Release|Any CPU
	EndGlobalSection
	GlobalSection(ProjectConfigurationPlatforms) = postSolution
		{918743D8-1CA6-4BC9-8687-F463BE3AAA1F}.Debug|Any CPU.ActiveCfg = Debug|Any CPU
		{918743D8-1CA6-4BC9-8687-F463BE3AAA1F}.Debug|Any CPU.Build.0 = Debug|Any CPU
		{918743D8-1CA6-4BC9-8687-F463BE3AAA1F}.Release|Any CPU.ActiveCfg = Release|Any CPU
		{918743D8-1CA6-4BC9-8687-F463BE3AAA1F}.Release|Any CPU.Build.0 = Release|Any CPU
	EndGlobalSection
	GlobalSection(SolutionProperties) = preSolution
		HideSolutionNode = FALSE
	EndGlobalSection
	GlobalSection(ExtensibilityGlobals) = postSolution
		SolutionGuid = {55EAA59E-3A1B-427E-A9E4-AA2D4A89F510}
	EndGlobalSection
EndGlobal
